
Microsoft Visual Studio Solution File, Format Version 12.00
# Visual Studio Version 17
VisualStudioVersion = 17.11.35208.52
MinimumVisualStudioVersion = 10.0.40219.1
Project("{FAE04EC0-301F-11D3-BF4B-00C04F79EFBC}") = "CompanyName_LoanFileUpload", "CompanyName_LoanFileUpload\CompanyName_LoanFileUpload.csproj", "{8B71180D-EF0F-4AE0-9CCA-946E04C2217D}"
EndProject
Project("{FAE04EC0-301F-11D3-BF4B-00C04F79EFBC}") = "CompanyName_LoanFileUpload.BusinessEntities", "CompanyName_LoanFileUpload.BusinessEntities\CompanyName_LoanFileUpload.BusinessEntities.csproj", "{997973CD-C3C0-49AA-91ED-BA47B24C0EF4}"
EndProject
Project("{FAE04EC0-301F-11D3-BF4B-00C04F79EFBC}") = "CompanyName_LoanFileUpload_DBConectivity", "CompanyName_LoanFileUpload_DBConectivity\CompanyName_LoanFileUpload_DBConectivity.csproj", "{C85E26F7-C6ED-4EAA-A695-A2484FA513A4}"
EndProject
Project("{FAE04EC0-301F-11D3-BF4B-00C04F79EFBC}") = "CompanyName_LoanFileUpload_RepositoryLayer", "CompanyName_LoanFileUpload_RepositoryLayer\CompanyName_LoanFileUpload_RepositoryLayer.csproj", "{95823125-80AA-4EBC-B00E-0D658F9FB478}"
EndProject
Project("{FAE04EC0-301F-11D3-BF4B-00C04F79EFBC}") = "CompanyName_LoanFileUpload_ServiceLayer", "CompanyName_LoanFileUpload_ServiceLayer\CompanyName_LoanFileUpload_ServiceLayer.csproj", "{6433A42C-C343-4412-9A6C-41D2F67C3E6F}"
EndProject
Project("{FAE04EC0-301F-11D3-BF4B-00C04F79EFBC}") = "CompanyName_LoanFileUpload.UnitTest", "CompanyName_LoanFileUpload.UnitTest\CompanyName_LoanFileUpload.UnitTest.csproj", "{CA525F7E-3F37-4E68-BF12-C9BFA63C5294}"
EndProject
Global
	GlobalSection(SolutionConfigurationPlatforms) = preSolution
		Debug|Any CPU = Debug|Any CPU
		Release|Any CPU = Release|Any CPU
	EndGlobalSection
	GlobalSection(ProjectConfigurationPlatforms) = postSolution
		{8B71180D-EF0F-4AE0-9CCA-946E04C2217D}.Debug|Any CPU.ActiveCfg = Debug|Any CPU
		{8B71180D-EF0F-4AE0-9CCA-946E04C2217D}.Debug|Any CPU.Build.0 = Debug|Any CPU
		{8B71180D-EF0F-4AE0-9CCA-946E04C2217D}.Release|Any CPU.ActiveCfg = Release|Any CPU
		{8B71180D-EF0F-4AE0-9CCA-946E04C2217D}.Release|Any CPU.Build.0 = Release|Any CPU
		{997973CD-C3C0-49AA-91ED-BA47B24C0EF4}.Debug|Any CPU.ActiveCfg = Debug|Any CPU
		{997973CD-C3C0-49AA-91ED-BA47B24C0EF4}.Debug|Any CPU.Build.0 = Debug|Any CPU
		{997973CD-C3C0-49AA-91ED-BA47B24C0EF4}.Release|Any CPU.ActiveCfg = Release|Any CPU
		{997973CD-C3C0-49AA-91ED-BA47B24C0EF4}.Release|Any CPU.Build.0 = Release|Any CPU
		{C85E26F7-C6ED-4EAA-A695-A2484FA513A4}.Debug|Any CPU.ActiveCfg = Debug|Any CPU
		{C85E26F7-C6ED-4EAA-A695-A2484FA513A4}.Debug|Any CPU.Build.0 = Debug|Any CPU
		{C85E26F7-C6ED-4EAA-A695-A2484FA513A4}.Release|Any CPU.ActiveCfg = Release|Any CPU
		{C85E26F7-C6ED-4EAA-A695-A2484FA513A4}.Release|Any CPU.Build.0 = Release|Any CPU
		{95823125-80AA-4EBC-B00E-0D658F9FB478}.Debug|Any CPU.ActiveCfg = Debug|Any CPU
		{95823125-80AA-4EBC-B00E-0D658F9FB478}.Debug|Any CPU.Build.0 = Debug|Any CPU
		{95823125-80AA-4EBC-B00E-0D658F9FB478}.Release|Any CPU.ActiveCfg = Release|Any CPU
		{95823125-80AA-4EBC-B00E-0D658F9FB478}.Release|Any CPU.Build.0 = Release|Any CPU
		{6433A42C-C343-4412-9A6C-41D2F67C3E6F}.Debug|Any CPU.ActiveCfg = Debug|Any CPU
		{6433A42C-C343-4412-9A6C-41D2F67C3E6F}.Debug|Any CPU.Build.0 = Debug|Any CPU
		{6433A42C-C343-4412-9A6C-41D2F67C3E6F}.Release|Any CPU.ActiveCfg = Release|Any CPU
		{6433A42C-C343-4412-9A6C-41D2F67C3E6F}.Release|Any CPU.Build.0 = Release|Any CPU
		{CA525F7E-3F37-4E68-BF12-C9BFA63C5294}.Debug|Any CPU.ActiveCfg = Debug|Any CPU
		{CA525F7E-3F37-4E68-BF12-C9BFA63C5294}.Debug|Any CPU.Build.0 = Debug|Any CPU
		{CA525F7E-3F37-4E68-BF12-C9BFA63C5294}.Release|Any CPU.ActiveCfg = Release|Any CPU
		{CA525F7E-3F37-4E68-BF12-C9BFA63C5294}.Release|Any CPU.Build.0 = Release|Any CPU
	EndGlobalSection
	GlobalSection(SolutionProperties) = preSolution
		HideSolutionNode = FALSE
	EndGlobalSection
	GlobalSection(ExtensibilityGlobals) = postSolution
		SolutionGuid = {680BE31B-3703-485F-BEAB-73B9C23C881E}
	EndGlobalSection
EndGlobal
